
Microsoft Visual Studio Solution File, Format Version 12.00
# Visual Studio 14
VisualStudioVersion = 14.0.25420.1
MinimumVisualStudioVersion = 10.0.40219.1
Project("{FAE04EC0-301F-11D3-BF4B-00C04F79EFBC}") = "TTT_Xamarin", "TTT_Xamarin\TTT_Xamarin\TTT_Xamarin.csproj", "{1458CE54-2C4C-4935-9F8F-29D7FAA95FF5}"
EndProject
Project("{FAE04EC0-301F-11D3-BF4B-00C04F79EFBC}") = "TTT_Xamarin.Droid", "TTT_Xamarin\TTT_Xamarin.Droid\TTT_Xamarin.Droid.csproj", "{9E8FF1DA-B927-4502-AF59-A32C6E619928}"
EndProject
Global
	GlobalSection(SolutionConfigurationPlatforms) = preSolution
		Ad-Hoc|Any CPU = Ad-Hoc|Any CPU
		Ad-Hoc|ARM = Ad-Hoc|ARM
		Ad-Hoc|iPhone = Ad-Hoc|iPhone
		Ad-Hoc|iPhoneSimulator = Ad-Hoc|iPhoneSimulator
		Ad-Hoc|x64 = Ad-Hoc|x64
		Ad-Hoc|x86 = Ad-Hoc|x86
		AppStore|Any CPU = AppStore|Any CPU
		AppStore|ARM = AppStore|ARM
		AppStore|iPhone = AppStore|iPhone
		AppStore|iPhoneSimulator = AppStore|iPhoneSimulator
		AppStore|x64 = AppStore|x64
		AppStore|x86 = AppStore|x86
		Debug|Any CPU = Debug|Any CPU
		Debug|ARM = Debug|ARM
		Debug|iPhone = Debug|iPhone
		Debug|iPhoneSimulator = Debug|iPhoneSimulator
		Debug|x64 = Debug|x64
		Debug|x86 = Debug|x86
		Release|Any CPU = Release|Any CPU
		Release|ARM = Release|ARM
		Release|iPhone = Release|iPhone
		Release|iPhoneSimulator = Release|iPhoneSimulator
		Release|x64 = Release|x64
		Release|x86 = Release|x86
	EndGlobalSection
	GlobalSection(ProjectConfigurationPlatforms) = postSolution
		{1458CE54-2C4C-4935-9F8F-29D7FAA95FF5}.Ad-Hoc|Any CPU.ActiveCfg = Release|Any CPU
		{1458CE54-2C4C-4935-9F8F-29D7FAA95FF5}.Ad-Hoc|Any CPU.Build.0 = Release|Any CPU
		{1458CE54-2C4C-4935-9F8F-29D7FAA95FF5}.Ad-Hoc|ARM.ActiveCfg = Release|Any CPU
		{1458CE54-2C4C-4935-9F8F-29D7FAA95FF5}.Ad-Hoc|ARM.Build.0 = Release|Any CPU
		{1458CE54-2C4C-4935-9F8F-29D7FAA95FF5}.Ad-Hoc|iPhone.ActiveCfg = Release|Any CPU
		{1458CE54-2C4C-4935-9F8F-29D7FAA95FF5}.Ad-Hoc|iPhone.Build.0 = Release|Any CPU
		{1458CE54-2C4C-4935-9F8F-29D7FAA95FF5}.Ad-Hoc|iPhoneSimulator.ActiveCfg = Release|Any CPU
		{1458CE54-2C4C-4935-9F8F-29D7FAA95FF5}.Ad-Hoc|iPhoneSimulator.Build.0 = Release|Any CPU
		{1458CE54-2C4C-4935-9F8F-29D7FAA95FF5}.Ad-Hoc|x64.ActiveCfg = Release|Any CPU
		{1458CE54-2C4C-4935-9F8F-29D7FAA95FF5}.Ad-Hoc|x64.Build.0 = Release|Any CPU
		{1458CE54-2C4C-4935-9F8F-29D7FAA95FF5}.Ad-Hoc|x86.ActiveCfg = Release|Any CPU
		{1458CE54-2C4C-4935-9F8F-29D7FAA95FF5}.Ad-Hoc|x86.Build.0 = Release|Any CPU
		{1458CE54-2C4C-4935-9F8F-29D7FAA95FF5}.AppStore|Any CPU.ActiveCfg = Release|Any CPU
		{1458CE54-2C4C-4935-9F8F-29D7FAA95FF5}.AppStore|Any CPU.Build.0 = Release|Any CPU
		{1458CE54-2C4C-4935-9F8F-29D7FAA95FF5}.AppStore|ARM.ActiveCfg = Release|Any CPU
		{1458CE54-2C4C-4935-9F8F-29D7FAA95FF5}.AppStore|ARM.Build.0 = Release|Any CPU
		{1458CE54-2C4C-4935-9F8F-29D7FAA95FF5}.AppStore|iPhone.ActiveCfg = Release|Any CPU
		{1458CE54-2C4C-4935-9F8F-29D7FAA95FF5}.AppStore|iPhone.Build.0 = Release|Any CPU
		{1458CE54-2C4C-4935-9F8F-29D7FAA95FF5}.AppStore|iPhoneSimulator.ActiveCfg = Release|Any CPU
		{1458CE54-2C4C-4935-9F8F-29D7FAA95FF5}.AppStore|iPhoneSimulator.Build.0 = Release|Any CPU
		{1458CE54-2C4C-4935-9F8F-29D7FAA95FF5}.AppStore|x64.ActiveCfg = Release|Any CPU
		{1458CE54-2C4C-4935-9F8F-29D7FAA95FF5}.AppStore|x64.Build.0 = Release|Any CPU
		{1458CE54-2C4C-4935-9F8F-29D7FAA95FF5}.AppStore|x86.ActiveCfg = Release|Any CPU
		{1458CE54-2C4C-4935-9F8F-29D7FAA95FF5}.AppStore|x86.Build.0 = Release|Any CPU
		{1458CE54-2C4C-4935-9F8F-29D7FAA95FF5}.Debug|Any CPU.ActiveCfg = Debug|Any CPU
		{1458CE54-2C4C-4935-9F8F-29D7FAA95FF5}.Debug|Any CPU.Build.0 = Debug|Any CPU
		{1458CE54-2C4C-4935-9F8F-29D7FAA95FF5}.Debug|ARM.ActiveCfg = Debug|Any CPU
		{1458CE54-2C4C-4935-9F8F-29D7FAA95FF5}.Debug|ARM.Build.0 = Debug|Any CPU
		{1458CE54-2C4C-4935-9F8F-29D7FAA95FF5}.Debug|iPhone.ActiveCfg = Debug|Any CPU
		{1458CE54-2C4C-4935-9F8F-29D7FAA95FF5}.Debug|iPhone.Build.0 = Debug|Any CPU
		{1458CE54-2C4C-4935-9F8F-29D7FAA95FF5}.Debug|iPhoneSimulator.ActiveCfg = Debug|Any CPU
		{1458CE54-2C4C-4935-9F8F-29D7FAA95FF5}.Debug|iPhoneSimulator.Build.0 = Debug|Any CPU
		{1458CE54-2C4C-4935-9F8F-29D7FAA95FF5}.Debug|x64.ActiveCfg = Debug|Any CPU
		{1458CE54-2C4C-4935-9F8F-29D7FAA95FF5}.Debug|x64.Build.0 = Debug|Any CPU
		{1458CE54-2C4C-4935-9F8F-29D7FAA95FF5}.Debug|x86.ActiveCfg = Debug|Any CPU
		{1458CE54-2C4C-4935-9F8F-29D7FAA95FF5}.Debug|x86.Build.0 = Debug|Any CPU
		{1458CE54-2C4C-4935-9F8F-29D7FAA95FF5}.Release|Any CPU.ActiveCfg = Release|Any CPU
		{1458CE54-2C4C-4935-9F8F-29D7FAA95FF5}.Release|Any CPU.Build.0 = Release|Any CPU
		{1458CE54-2C4C-4935-9F8F-29D7FAA95FF5}.Release|ARM.ActiveCfg = Release|Any CPU
		{1458CE54-2C4C-4935-9F8F-29D7FAA95FF5}.Release|ARM.Build.0 = Release|Any CPU
		{1458CE54-2C4C-4935-9F8F-29D7FAA95FF5}.Release|iPhone.ActiveCfg = Release|Any CPU
		{1458CE54-2C4C-4935-9F8F-29D7FAA95FF5}.Release|iPhone.Build.0 = Release|Any CPU
		{1458CE54-2C4C-4935-9F8F-29D7FAA95FF5}.Release|iPhoneSimulator.ActiveCfg = Release|Any CPU
		{1458CE54-2C4C-4935-9F8F-29D7FAA95FF5}.Release|iPhoneSimulator.Build.0 = Release|Any CPU
		{1458CE54-2C4C-4935-9F8F-29D7FAA95FF5}.Release|x64.ActiveCfg = Release|Any CPU
		{1458CE54-2C4C-4935-9F8F-29D7FAA95FF5}.Release|x64.Build.0 = Release|Any CPU
		{1458CE54-2C4C-4935-9F8F-29D7FAA95FF5}.Release|x86.ActiveCfg = Release|Any CPU
		{1458CE54-2C4C-4935-9F8F-29D7FAA95FF5}.Release|x86.Build.0 = Release|Any CPU
		{9E8FF1DA-B927-4502-AF59-A32C6E619928}.Ad-Hoc|Any CPU.ActiveCfg = Release|Any CPU
		{9E8FF1DA-B927-4502-AF59-A32C6E619928}.Ad-Hoc|Any CPU.Build.0 = Release|Any CPU
		{9E8FF1DA-B927-4502-AF59-A32C6E619928}.Ad-Hoc|Any CPU.Deploy.0 = Release|Any CPU
		{9E8FF1DA-B927-4502-AF59-A32C6E619928}.Ad-Hoc|ARM.ActiveCfg = Release|Any CPU
		{9E8FF1DA-B927-4502-AF59-A32C6E619928}.Ad-Hoc|ARM.Build.0 = Release|Any CPU
		{9E8FF1DA-B927-4502-AF59-A32C6E619928}.Ad-Hoc|ARM.Deploy.0 = Release|Any CPU
		{9E8FF1DA-B927-4502-AF59-A32C6E619928}.Ad-Hoc|iPhone.ActiveCfg = Release|Any CPU
		{9E8FF1DA-B927-4502-AF59-A32C6E619928}.Ad-Hoc|iPhone.Build.0 = Release|Any CPU
		{9E8FF1DA-B927-4502-AF59-A32C6E619928}.Ad-Hoc|iPhone.Deploy.0 = Release|Any CPU
		{9E8FF1DA-B927-4502-AF59-A32C6E619928}.Ad-Hoc|iPhoneSimulator.ActiveCfg = Release|Any CPU
		{9E8FF1DA-B927-4502-AF59-A32C6E619928}.Ad-Hoc|iPhoneSimulator.Build.0 = Release|Any CPU
		{9E8FF1DA-B927-4502-AF59-A32C6E619928}.Ad-Hoc|iPhoneSimulator.Deploy.0 = Release|Any CPU
		{9E8FF1DA-B927-4502-AF59-A32C6E619928}.Ad-Hoc|x64.ActiveCfg = Release|Any CPU
		{9E8FF1DA-B927-4502-AF59-A32C6E619928}.Ad-Hoc|x64.Build.0 = Release|Any CPU
		{9E8FF1DA-B927-4502-AF59-A32C6E619928}.Ad-Hoc|x64.Deploy.0 = Release|Any CPU
		{9E8FF1DA-B927-4502-AF59-A32C6E619928}.Ad-Hoc|x86.ActiveCfg = Release|Any CPU
		{9E8FF1DA-B927-4502-AF59-A32C6E619928}.Ad-Hoc|x86.Build.0 = Release|Any CPU
		{9E8FF1DA-B927-4502-AF59-A32C6E619928}.Ad-Hoc|x86.Deploy.0 = Release|Any CPU
		{9E8FF1DA-B927-4502-AF59-A32C6E619928}.AppStore|Any CPU.ActiveCfg = Release|Any CPU
		{9E8FF1DA-B927-4502-AF59-A32C6E619928}.AppStore|Any CPU.Build.0 = Release|Any CPU
		{9E8FF1DA-B927-4502-AF59-A32C6E619928}.AppStore|Any CPU.Deploy.0 = Release|Any CPU
		{9E8FF1DA-B927-4502-AF59-A32C6E619928}.AppStore|ARM.ActiveCfg = Release|Any CPU
		{9E8FF1DA-B927-4502-AF59-A32C6E619928}.AppStore|ARM.Build.0 = Release|Any CPU
		{9E8FF1DA-B927-4502-AF59-A32C6E619928}.AppStore|ARM.Deploy.0 = Release|Any CPU
		{9E8FF1DA-B927-4502-AF59-A32C6E619928}.AppStore|iPhone.ActiveCfg = Release|Any CPU
		{9E8FF1DA-B927-4502-AF59-A32C6E619928}.AppStore|iPhone.Build.0 = Release|Any CPU
		{9E8FF1DA-B927-4502-AF59-A32C6E619928}.AppStore|iPhone.Deploy.0 = Release|Any CPU
		{9E8FF1DA-B927-4502-AF59-A32C6E619928}.AppStore|iPhoneSimulator.ActiveCfg = Release|Any CPU
		{9E8FF1DA-B927-4502-AF59-A32C6E619928}.AppStore|iPhoneSimulator.Build.0 = Release|Any CPU
		{9E8FF1DA-B927-4502-AF59-A32C6E619928}.AppStore|iPhoneSimulator.Deploy.0 = Release|Any CPU
		{9E8FF1DA-B927-4502-AF59-A32C6E619928}.AppStore|x64.ActiveCfg = Release|Any CPU
		{9E8FF1DA-B927-4502-AF59-A32C6E619928}.AppStore|x64.Build.0 = Release|Any CPU
		{9E8FF1DA-B927-4502-AF59-A32C6E619928}.AppStore|x64.Deploy.0 = Release|Any CPU
		{9E8FF1DA-B927-4502-AF59-A32C6E619928}.AppStore|x86.ActiveCfg = Release|Any CPU
		{9E8FF1DA-B927-4502-AF59-A32C6E619928}.AppStore|x86.Build.0 = Release|Any CPU
		{9E8FF1DA-B927-4502-AF59-A32C6E619928}.AppStore|x86.Deploy.0 = Release|Any CPU
		{9E8FF1DA-B927-4502-AF59-A32C6E619928}.Debug|Any CPU.ActiveCfg = Debug|Any CPU
		{9E8FF1DA-B927-4502-AF59-A32C6E619928}.Debug|Any CPU.Build.0 = Debug|Any CPU
		{9E8FF1DA-B927-4502-AF59-A32C6E619928}.Debug|Any CPU.Deploy.0 = Debug|Any CPU
		{9E8FF1DA-B927-4502-AF59-A32C6E619928}.Debug|ARM.ActiveCfg = Debug|Any CPU
		{9E8FF1DA-B927-4502-AF59-A32C6E619928}.Debug|ARM.Build.0 = Debug|Any CPU
		{9E8FF1DA-B927-4502-AF59-A32C6E619928}.Debug|ARM.Deploy.0 = Debug|Any CPU
		{9E8FF1DA-B927-4502-AF59-A32C6E619928}.Debug|iPhone.ActiveCfg = Debug|Any CPU
		{9E8FF1DA-B927-4502-AF59-A32C6E619928}.Debug|iPhone.Build.0 = Debug|Any CPU
		{9E8FF1DA-B927-4502-AF59-A32C6E619928}.Debug|iPhone.Deploy.0 = Debug|Any CPU
		{9E8FF1DA-B927-4502-AF59-A32C6E619928}.Debug|iPhoneSimulator.ActiveCfg = Debug|Any CPU
		{9E8FF1DA-B927-4502-AF59-A32C6E619928}.Debug|iPhoneSimulator.Build.0 = Debug|Any CPU
		{9E8FF1DA-B927-4502-AF59-A32C6E619928}.Debug|iPhoneSimulator.Deploy.0 = Debug|Any CPU
		{9E8FF1DA-B927-4502-AF59-A32C6E619928}.Debug|x64.ActiveCfg = Debug|Any CPU
		{9E8FF1DA-B927-4502-AF59-A32C6E619928}.Debug|x64.Build.0 = Debug|Any CPU
		{9E8FF1DA-B927-4502-AF59-A32C6E619928}.Debug|x64.Deploy.0 = Debug|Any CPU
		{9E8FF1DA-B927-4502-AF59-A32C6E619928}.Debug|x86.ActiveCfg = Debug|Any CPU
		{9E8FF1DA-B927-4502-AF59-A32C6E619928}.Debug|x86.Build.0 = Debug|Any CPU
		{9E8FF1DA-B927-4502-AF59-A32C6E619928}.Debug|x86.Deploy.0 = Debug|Any CPU
		{9E8FF1DA-B927-4502-AF59-A32C6E619928}.Release|Any CPU.ActiveCfg = Release|Any CPU
		{9E8FF1DA-B927-4502-AF59-A32C6E619928}.Release|Any CPU.Build.0 = Release|Any CPU
		{9E8FF1DA-B927-4502-AF59-A32C6E619928}.Release|Any CPU.Deploy.0 = Release|Any CPU
		{9E8FF1DA-B927-4502-AF59-A32C6E619928}.Release|ARM.ActiveCfg = Release|Any CPU
		{9E8FF1DA-B927-4502-AF59-A32C6E619928}.Release|ARM.Build.0 = Release|Any CPU
		{9E8FF1DA-B927-4502-AF59-A32C6E619928}.Release|ARM.Deploy.0 = Release|Any CPU
		{9E8FF1DA-B927-4502-AF59-A32C6E619928}.Release|iPhone.ActiveCfg = Release|Any CPU
		{9E8FF1DA-B927-4502-AF59-A32C6E619928}.Release|iPhone.Build.0 = Release|Any CPU
		{9E8FF1DA-B927-4502-AF59-A32C6E619928}.Release|iPhone.Deploy.0 = Release|Any CPU
		{9E8FF1DA-B927-4502-AF59-A32C6E619928}.Release|iPhoneSimulator.ActiveCfg = Release|Any CPU
		{9E8FF1DA-B927-4502-AF59-A32C6E619928}.Release|iPhoneSimulator.Build.0 = Release|Any CPU
		{9E8FF1DA-B927-4502-AF59-A32C6E619928}.Release|iPhoneSimulator.Deploy.0 = Release|Any CPU
		{9E8FF1DA-B927-4502-AF59-A32C6E619928}.Release|x64.ActiveCfg = Release|Any CPU
		{9E8FF1DA-B927-4502-AF59-A32C6E619928}.Release|x64.Build.0 = Release|Any CPU
		{9E8FF1DA-B927-4502-AF59-A32C6E619928}.Release|x64.Deploy.0 = Release|Any CPU
		{9E8FF1DA-B927-4502-AF59-A32C6E619928}.Release|x86.ActiveCfg = Release|Any CPU
		{9E8FF1DA-B927-4502-AF59-A32C6E619928}.Release|x86.Build.0 = Release|Any CPU
		{9E8FF1DA-B927-4502-AF59-A32C6E619928}.Release|x86.Deploy.0 = Release|Any CPU
	EndGlobalSection
	GlobalSection(SolutionProperties) = preSolution
		HideSolutionNode = FALSE
	EndGlobalSection
EndGlobal
